
Microsoft Visual Studio Solution File, Format Version 12.00
# Visual Studio Version 16
VisualStudioVersion = 16.0.30907.101
MinimumVisualStudioVersion = 10.0.40219.1
Project("{FAE04EC0-301F-11D3-BF4B-00C04F79EFBC}") = "HospitalApplication", "HospitalApplication\HospitalApplication.csproj", "{CAA91A06-9ADE-47E6-964F-4E64F6C77499}"
EndProject
Global
	GlobalSection(SolutionConfigurationPlatforms) = preSolution
		Debug|Any CPU = Debug|Any CPU
		Release|Any CPU = Release|Any CPU
	EndGlobalSection
	GlobalSection(ProjectConfigurationPlatforms) = postSolution
		{CAA91A06-9ADE-47E6-964F-4E64F6C77499}.Debug|Any CPU.ActiveCfg = Debug|Any CPU
		{CAA91A06-9ADE-47E6-964F-4E64F6C77499}.Debug|Any CPU.Build.0 = Debug|Any CPU
		{CAA91A06-9ADE-47E6-964F-4E64F6C77499}.Release|Any CPU.ActiveCfg = Release|Any CPU
		{CAA91A06-9ADE-47E6-964F-4E64F6C77499}.Release|Any CPU.Build.0 = Release|Any CPU
	EndGlobalSection
	GlobalSection(SolutionProperties) = preSolution
		HideSolutionNode = FALSE
	EndGlobalSection
	GlobalSection(ExtensibilityGlobals) = postSolution
		SolutionGuid = {6983446C-AFFE-4148-8921-28F22B71965E}
	EndGlobalSection
EndGlobal
